# Install with: python -m pip install --requirement environment-cu128.lock
# The PyTorch index supplies the CUDA 12.8 wheel; every package below is an
# installable, exact pip requirement rather than an informal runtime note.
--extra-index-url https://download.pytorch.org/whl/cu128

numpy==2.4.0
scipy==1.16.3
matplotlib==3.10.8
pandas==2.3.3
Pillow==12.1.0
wfdb==4.3.1
typer==0.20.0
ninja==1.13.0
torch==2.9.1+cu128
triton==3.5.1
mamba-ssm==2.3.2.post1
causal-conv1d==1.6.1

# Non-pip runtime invariants (checked by the campaign code):
# Python 3.13; CUDA runtime 12.8; float32; TF32 disabled.
